
Microsoft Visual Studio Solution File, Format Version 12.00
# Visual Studio Version 17
VisualStudioVersion = 17.2.32630.192
MinimumVisualStudioVersion = 10.0.40219.1
Project("{9A19103F-16F7-4668-BE54-9A1E7A4F7556}") = "CH-Final", "CH-Final\CH-Final.csproj", "{C6F8DAED-5816-4687-B433-A75563D5DB7E}"
	ProjectSection(ProjectDependencies) = postProject
		{7D896A11-3254-479D-838E-69771A4C49A8} = {7D896A11-3254-479D-838E-69771A4C49A8}
	EndProjectSection
EndProject
Project("{9A19103F-16F7-4668-BE54-9A1E7A4F7556}") = "CH-Final.Models", "CH-Final.Models\CH-Final.Models.csproj", "{C3086C4B-C88C-4791-8E9A-ADC26D3106AE}"
EndProject
Project("{9A19103F-16F7-4668-BE54-9A1E7A4F7556}") = "CH-Final.Data", "CH-Final.Data\CH-Final.Data.csproj", "{7D896A11-3254-479D-838E-69771A4C49A8}"
EndProject
Global
	GlobalSection(SolutionConfigurationPlatforms) = preSolution
		Debug|Any CPU = Debug|Any CPU
		Release|Any CPU = Release|Any CPU
	EndGlobalSection
	GlobalSection(ProjectConfigurationPlatforms) = postSolution
		{C6F8DAED-5816-4687-B433-A75563D5DB7E}.Debug|Any CPU.ActiveCfg = Debug|Any CPU
		{C6F8DAED-5816-4687-B433-A75563D5DB7E}.Debug|Any CPU.Build.0 = Debug|Any CPU
		{C6F8DAED-5816-4687-B433-A75563D5DB7E}.Release|Any CPU.ActiveCfg = Release|Any CPU
		{C6F8DAED-5816-4687-B433-A75563D5DB7E}.Release|Any CPU.Build.0 = Release|Any CPU
		{C3086C4B-C88C-4791-8E9A-ADC26D3106AE}.Debug|Any CPU.ActiveCfg = Debug|Any CPU
		{C3086C4B-C88C-4791-8E9A-ADC26D3106AE}.Debug|Any CPU.Build.0 = Debug|Any CPU
		{C3086C4B-C88C-4791-8E9A-ADC26D3106AE}.Release|Any CPU.ActiveCfg = Release|Any CPU
		{C3086C4B-C88C-4791-8E9A-ADC26D3106AE}.Release|Any CPU.Build.0 = Release|Any CPU
		{7D896A11-3254-479D-838E-69771A4C49A8}.Debug|Any CPU.ActiveCfg = Debug|Any CPU
		{7D896A11-3254-479D-838E-69771A4C49A8}.Debug|Any CPU.Build.0 = Debug|Any CPU
		{7D896A11-3254-479D-838E-69771A4C49A8}.Release|Any CPU.ActiveCfg = Release|Any CPU
		{7D896A11-3254-479D-838E-69771A4C49A8}.Release|Any CPU.Build.0 = Release|Any CPU
	EndGlobalSection
	GlobalSection(SolutionProperties) = preSolution
		HideSolutionNode = FALSE
	EndGlobalSection
	GlobalSection(ExtensibilityGlobals) = postSolution
		SolutionGuid = {C73D7537-5138-4D1B-8D84-129071490A4B}
	EndGlobalSection
EndGlobal
